
Microsoft Visual Studio Solution File, Format Version 12.00
# Visual Studio Version 16
VisualStudioVersion = 16.0.30717.126
MinimumVisualStudioVersion = 10.0.40219.1
Project("{FAE04EC0-301F-11D3-BF4B-00C04F79EFBC}") = "SiteWatchApiDemo", "SiteWatchApiDemo\SiteWatchApiDemo.csproj", "{33225889-58EE-47E6-8D76-7EDC4153EEF4}"
EndProject
Global
	GlobalSection(SolutionConfigurationPlatforms) = preSolution
		Debug|Any CPU = Debug|Any CPU
		Release|Any CPU = Release|Any CPU
	EndGlobalSection
	GlobalSection(ProjectConfigurationPlatforms) = postSolution
		{33225889-58EE-47E6-8D76-7EDC4153EEF4}.Debug|Any CPU.ActiveCfg = Debug|Any CPU
		{33225889-58EE-47E6-8D76-7EDC4153EEF4}.Debug|Any CPU.Build.0 = Debug|Any CPU
		{33225889-58EE-47E6-8D76-7EDC4153EEF4}.Release|Any CPU.ActiveCfg = Release|Any CPU
		{33225889-58EE-47E6-8D76-7EDC4153EEF4}.Release|Any CPU.Build.0 = Release|Any CPU
	EndGlobalSection
	GlobalSection(SolutionProperties) = preSolution
		HideSolutionNode = FALSE
	EndGlobalSection
	GlobalSection(ExtensibilityGlobals) = postSolution
		SolutionGuid = {2AD8CD7D-E660-4A90-BE59-2CAE1CFE2997}
	EndGlobalSection
EndGlobal
